
Microsoft Visual Studio Solution File, Format Version 12.00
# Visual Studio Version 17
VisualStudioVersion = 17.8.34525.116
MinimumVisualStudioVersion = 10.0.40219.1
Project("{FAE04EC0-301F-11D3-BF4B-00C04F79EFBC}") = "Vigenère_Cipher", "Vigenère_Cipher\Vigenère_Cipher.csproj", "{5B7E3DD0-834C-49A8-8742-DCA11BBDD333}"
EndProject
Global
	GlobalSection(SolutionConfigurationPlatforms) = preSolution
		Debug|Any CPU = Debug|Any CPU
		Release|Any CPU = Release|Any CPU
	EndGlobalSection
	GlobalSection(ProjectConfigurationPlatforms) = postSolution
		{5B7E3DD0-834C-49A8-8742-DCA11BBDD333}.Debug|Any CPU.ActiveCfg = Debug|Any CPU
		{5B7E3DD0-834C-49A8-8742-DCA11BBDD333}.Debug|Any CPU.Build.0 = Debug|Any CPU
		{5B7E3DD0-834C-49A8-8742-DCA11BBDD333}.Release|Any CPU.ActiveCfg = Release|Any CPU
		{5B7E3DD0-834C-49A8-8742-DCA11BBDD333}.Release|Any CPU.Build.0 = Release|Any CPU
	EndGlobalSection
	GlobalSection(SolutionProperties) = preSolution
		HideSolutionNode = FALSE
	EndGlobalSection
	GlobalSection(ExtensibilityGlobals) = postSolution
		SolutionGuid = {30782AAA-6F4F-4ECB-846D-56D4FCA1AE62}
	EndGlobalSection
EndGlobal
